{
  "name": "rheos",
  "version": "0.10.0-3",
  "lockfileVersion": 3,
  "requires": true,
  "packages": {
    "": {
      "name": "rheos",
      "version": "0.10.0-3",
      "license": "ISC",
      "dependencies": {
        "heos-api": "^4.0.0",
        "ip": "^1.1.8",
        "node-roon-api": "github:roonlabs/node-roon-api",
        "node-roon-api-settings": "github:roonlabs/node-roon-api-settings",
        "node-roon-api-source-control": "github:roonlabs/node-roon-api-source-control",
        "node-roon-api-status": "github:roonlabs/node-roon-api-status",
        "node-roon-api-transport": "github:roonlabs/node-roon-api-transport",
        "node-uuid": "^1.4.8",
        "telnet-client": "^2.0.8",
        "xml2js": "^0.6.0"
      }
    },
    "node_modules/emitter-component": {
      "version": "1.1.2",
      "resolved": "https://registry.npmjs.org/emitter-component/-/emitter-component-1.1.2.tgz",
      "integrity": "sha512-QdXO3nXOzZB4pAjM0n6ZE+R9/+kPpECA/XSELIcc54NeYVnBqIk+4DFiBgK+8QbV3mdvTG6nedl7dTYgO+5wDw==",
      "funding": {
        "url": "https://github.com/sponsors/sindresorhus"
      }
    },
    "node_modules/heos-api": {
      "version": "4.0.0",
      "resolved": "https://registry.npmjs.org/heos-api/-/heos-api-4.0.0.tgz",
      "integrity": "sha512-d/V7MUPno425DXDqtA+Y02V9zpDF7iPtSHUOWVZejmNjIUbhWYXOzTGPkjVGCy/e1fcYicBh+osVIdmkOZx8SA==",
      "engines": {
        "node": ">=8.0.0"
      }
    },
    "node_modules/ip": {
      "version": "1.1.9",
      "resolved": "https://registry.npmjs.org/ip/-/ip-1.1.9.tgz",
      "integrity": "sha512-cyRxvOEpNHNtchU3Ln9KC/auJgup87llfQpQ+t5ghoC/UhL16SWzbueiCsdTnWmqAWl7LadfuwhlqmtOaqMHdQ=="
    },
    "node_modules/net": {
      "version": "1.0.2",
      "resolved": "https://registry.npmjs.org/net/-/net-1.0.2.tgz",
      "integrity": "sha512-kbhcj2SVVR4caaVnGLJKmlk2+f+oLkjqdKeQlmUtz6nGzOpbcobwVIeSURNgraV/v3tlmGIX82OcPCl0K6RbHQ=="
    },
    "node_modules/node-roon-api": {
      "version": "1.2.3",
      "resolved": "git+ssh://git@github.com/roonlabs/node-roon-api.git#7cfaddc63b0d8a8bffe0f71df02d7c73adc728a5",
      "license": "Apache-2.0",
      "dependencies": {
        "ip": "^1.1.3",
        "node-uuid": "^1.4.7",
        "ws": ">=3.3.1"
      }
    },
    "node_modules/node-roon-api-settings": {
      "version": "1.0.0",
      "resolved": "git+ssh://git@github.com/roonlabs/node-roon-api-settings.git#67cd8ca156c5bcd01ea63833ceaaec6d6a79654d",
      "license": "Apache-2.0"
    },
    "node_modules/node-roon-api-source-control": {
      "version": "1.0.0",
      "resolved": "git+ssh://git@github.com/roonlabs/node-roon-api-source-control.git#fab2ba33f2c9249a8c9e69b6dcccfc8f333ab12e",
      "license": "Apache-2.0"
    },
    "node_modules/node-roon-api-status": {
      "version": "1.0.0",
      "resolved": "git+ssh://git@github.com/roonlabs/node-roon-api-status.git#504c918d6da267e03fbb4337befa71ca3d3c7526",
      "license": "Apache-2.0"
    },
    "node_modules/node-roon-api-transport": {
      "version": "2.0.1",
      "resolved": "git+ssh://git@github.com/roonlabs/node-roon-api-transport.git#2ee60008a4cdb90c34ff3de58bb4b949067f1d20",
      "license": "Apache-2.0"
    },
    "node_modules/node-uuid": {
      "version": "1.4.8",
      "resolved": "https://registry.npmjs.org/node-uuid/-/node-uuid-1.4.8.tgz",
      "integrity": "sha512-TkCET/3rr9mUuRp+CpO7qfgT++aAxfDRaalQhwPFzI9BY/2rCDn6OfpZOVggi1AXfTPpfkTrg5f5WQx5G1uLxA==",
      "deprecated": "Use uuid module instead",
      "bin": {
        "uuid": "bin/uuid"
      }
    },
    "node_modules/sax": {
      "version": "1.4.1",
      "resolved": "https://registry.npmjs.org/sax/-/sax-1.4.1.tgz",
      "integrity": "sha512-+aWOz7yVScEGoKNd4PA10LZ8sk0A/z5+nXQG5giUO5rprX9jgYsTdov9qCchZiPIZezbZH+jRut8nPodFAX4Jg=="
    },
    "node_modules/stream": {
      "version": "0.0.2",
      "resolved": "https://registry.npmjs.org/stream/-/stream-0.0.2.tgz",
      "integrity": "sha512-gCq3NDI2P35B2n6t76YJuOp7d6cN/C7Rt0577l91wllh0sY9ZBuw9KaSGqH/b0hzn3CWWJbpbW0W0WvQ1H/Q7g==",
      "dependencies": {
        "emitter-component": "^1.1.1"
      }
    },
    "node_modules/telnet-client": {
      "version": "2.2.1",
      "resolved": "https://registry.npmjs.org/telnet-client/-/telnet-client-2.2.1.tgz",
      "integrity": "sha512-7LnQG+eohD7GkKi8kwzzuAnGRnfZkvQ6rFoGxQ/WuN47xR9BO+RvbKB8N797zRetP0C4G4CDQUXWguva3cWbVQ==",
      "dependencies": {
        "net": "^1.0.2",
        "stream": "^0.0.2"
      },
      "funding": {
        "type": "paypal",
        "url": "https://paypal.me/kozjak"
      }
    },
    "node_modules/ws": {
      "version": "8.18.0",
      "resolved": "https://registry.npmjs.org/ws/-/ws-8.18.0.tgz",
      "integrity": "sha512-8VbfWfHLbbwu3+N6OKsOMpBdT4kXPDDB9cJk2bJ6mh9ucxdlnNvH1e+roYkKmN9Nxw2yjz7VzeO9oOz2zJ04Pw==",
      "engines": {
        "node": ">=10.0.0"
      },
      "peerDependencies": {
        "bufferutil": "^4.0.1",
        "utf-8-validate": ">=5.0.2"
      },
      "peerDependenciesMeta": {
        "bufferutil": {
          "optional": true
        },
        "utf-8-validate": {
          "optional": true
        }
      }
    },
    "node_modules/xml2js": {
      "version": "0.6.2",
      "resolved": "https://registry.npmjs.org/xml2js/-/xml2js-0.6.2.tgz",
      "integrity": "sha512-T4rieHaC1EXcES0Kxxj4JWgaUQHDk+qwHcYOCFHfiwKz7tOVPLq7Hjq9dM1WCMhylqMEfP7hMcOIChvotiZegA==",
      "dependencies": {
        "sax": ">=0.6.0",
        "xmlbuilder": "~11.0.0"
      },
      "engines": {
        "node": ">=4.0.0"
      }
    },
    "node_modules/xmlbuilder": {
      "version": "11.0.1",
      "resolved": "https://registry.npmjs.org/xmlbuilder/-/xmlbuilder-11.0.1.tgz",
      "integrity": "sha512-fDlsI/kFEx7gLvbecc0/ohLG50fugQp8ryHzMTuW9vSa1GJ0XYWKnhsUx7oie3G98+r56aTQIUB4kht42R3JvA==",
      "engines": {
        "node": ">=4.0"
      }
    }
  }
}
